
Microsoft Visual Studio Solution File, Format Version 12.00
# Visual Studio Version 17
VisualStudioVersion = 17.5.33627.172
MinimumVisualStudioVersion = 10.0.40219.1
Project("{9A19103F-16F7-4668-BE54-9A1E7A4F7556}") = "01_00", "01_00\01_00.csproj", "{F622FDD9-FF5E-4BF5-B45E-DF39B5733AAC}"
EndProject
Project("{9A19103F-16F7-4668-BE54-9A1E7A4F7556}") = "01_01", "01_01\01_01.csproj", "{7345EBF7-8FE4-495D-BB81-0FA7AE29FB48}"
EndProject
Project("{9A19103F-16F7-4668-BE54-9A1E7A4F7556}") = "01_02", "01_02\01_02.csproj", "{FC43A8C2-0089-47C7-8024-F77BCA571D5F}"
EndProject
Project("{9A19103F-16F7-4668-BE54-9A1E7A4F7556}") = "01_03", "01_03\01_03.csproj", "{F6D8BEA8-41B6-4C71-9056-8C6AB6FD034B}"
EndProject
Project("{9A19103F-16F7-4668-BE54-9A1E7A4F7556}") = "01_04", "01_04\01_04.csproj", "{FEE0FDB2-8F6F-441C-BC98-F3DD3EEB0102}"
EndProject
Project("{9A19103F-16F7-4668-BE54-9A1E7A4F7556}") = "01_05", "01_05\01_05.csproj", "{E52C49D7-05C9-4201-9264-282879A48336}"
EndProject
Project("{9A19103F-16F7-4668-BE54-9A1E7A4F7556}") = "01_06", "01_06\01_06.csproj", "{9CB93751-D491-4F74-AA78-C625F2DC654E}"
EndProject
Project("{9A19103F-16F7-4668-BE54-9A1E7A4F7556}") = "02_00", "02_00\02_00.csproj", "{88725044-1439-4B41-B962-CA221477CFA5}"
EndProject
Project("{9A19103F-16F7-4668-BE54-9A1E7A4F7556}") = "02_01", "02_01\02_01.csproj", "{BDEE3C26-5F90-41E4-A4E8-A9DB22FE1145}"
EndProject
Project("{9A19103F-16F7-4668-BE54-9A1E7A4F7556}") = "02_02", "02_02\02_02.csproj", "{7AD666EF-0A07-42EC-AEFB-1A3C10E37535}"
EndProject
Project("{9A19103F-16F7-4668-BE54-9A1E7A4F7556}") = "02_03", "02_03\02_03.csproj", "{28660692-D88B-4C40-B46D-0DFB7B6131A3}"
EndProject
Project("{9A19103F-16F7-4668-BE54-9A1E7A4F7556}") = "02_04", "02_04\02_04.csproj", "{584613C6-90B7-4D66-8FA6-AE2F2D4B91A8}"
EndProject
Project("{9A19103F-16F7-4668-BE54-9A1E7A4F7556}") = "02_05", "02_05\02_05.csproj", "{7011372C-D863-4E59-B0BE-FF2A48C3506F}"
EndProject
Project("{9A19103F-16F7-4668-BE54-9A1E7A4F7556}") = "02_06", "02_06\02_06.csproj", "{810B7557-901F-48E0-9032-BB0326030AEC}"
EndProject
Project("{9A19103F-16F7-4668-BE54-9A1E7A4F7556}") = "02_07", "02_07\02_07.csproj", "{1AAE0AFD-1548-45C4-B39A-B85DDD9F9215}"
EndProject
Project("{9A19103F-16F7-4668-BE54-9A1E7A4F7556}") = "02_08", "02_08\02_08.csproj", "{AE46109B-E48E-4C40-97E6-E740DDB63A8C}"
EndProject
Project("{9A19103F-16F7-4668-BE54-9A1E7A4F7556}") = "03_00", "03_00\03_00.csproj", "{EDA89940-80D2-462D-AAA0-B3CF3124EF69}"
EndProject
Project("{9A19103F-16F7-4668-BE54-9A1E7A4F7556}") = "03_01", "03_01\03_01.csproj", "{1CE9208E-866C-469D-8C25-6FBB7F342A6F}"
EndProject
Project("{9A19103F-16F7-4668-BE54-9A1E7A4F7556}") = "04_00", "04_00\04_00.csproj", "{287A4AED-977C-4ECC-92D3-B1E51A13BED0}"
EndProject
Project("{9A19103F-16F7-4668-BE54-9A1E7A4F7556}") = "04_01", "04_01\04_01.csproj", "{4E91C699-C8D2-40B5-AD63-FC738D520E2E}"
EndProject
Project("{9A19103F-16F7-4668-BE54-9A1E7A4F7556}") = "04_02", "04_02\04_02.csproj", "{6E316FDE-D4F8-410A-9BB3-AB0D42B8A6F6}"
EndProject
Project("{9A19103F-16F7-4668-BE54-9A1E7A4F7556}") = "04_03", "04_03\04_03.csproj", "{6527FC66-974C-4D7C-B5F5-8FC3DB15889F}"
EndProject
Project("{9A19103F-16F7-4668-BE54-9A1E7A4F7556}") = "04_04", "04_04\04_04.csproj", "{F2153CF4-89AA-4B32-BBDD-861B43E69AA0}"
EndProject
Project("{9A19103F-16F7-4668-BE54-9A1E7A4F7556}") = "04_05", "04_05\04_05.csproj", "{A1D8623D-48AF-4F59-9299-CE0CAB91DD8D}"
EndProject
Project("{9A19103F-16F7-4668-BE54-9A1E7A4F7556}") = "05_00_Hangman", "05_00_Hangman\05_00_Hangman.csproj", "{72AAEA4B-4663-44E8-9EC3-FA4560C23C07}"
EndProject
Project("{9A19103F-16F7-4668-BE54-9A1E7A4F7556}") = "06_00", "06_00\06_00.csproj", "{71E43109-F590-4D0B-86DE-791A45C946D9}"
EndProject
Project("{9A19103F-16F7-4668-BE54-9A1E7A4F7556}") = "06_01", "06_01\06_01.csproj", "{2BFE67C6-BB80-4DDD-80D0-8D630CAED320}"
EndProject
Project("{9A19103F-16F7-4668-BE54-9A1E7A4F7556}") = "06_02", "06_02\06_02.csproj", "{EDDBD985-55E4-4D76-8A77-3D88474AFF15}"
EndProject
Project("{9A19103F-16F7-4668-BE54-9A1E7A4F7556}") = "06_03", "06_03\06_03.csproj", "{4BE93252-5229-48C1-8B51-F6FA838F1ABC}"
EndProject
Project("{9A19103F-16F7-4668-BE54-9A1E7A4F7556}") = "07_00", "07_00\07_00.csproj", "{AEB4C7EE-983F-41E6-AF35-D69117114C30}"
EndProject
Project("{9A19103F-16F7-4668-BE54-9A1E7A4F7556}") = "07_01", "07_01\07_01.csproj", "{3C896EEE-BFD6-42B6-8E65-E3F95D1BF0B6}"
EndProject
Project("{9A19103F-16F7-4668-BE54-9A1E7A4F7556}") = "07_02", "07_02\07_02.csproj", "{7650A9C0-6544-477E-A4B6-C7291762C664}"
EndProject
Project("{9A19103F-16F7-4668-BE54-9A1E7A4F7556}") = "07_03", "07_03\07_03.csproj", "{E5D49A5C-90E8-4383-956F-9A19AC5DB330}"
EndProject
Project("{9A19103F-16F7-4668-BE54-9A1E7A4F7556}") = "07_04", "07_04\07_04.csproj", "{40F306F1-4152-49EC-BBE8-6458735B4581}"
EndProject
Project("{9A19103F-16F7-4668-BE54-9A1E7A4F7556}") = "07_05", "07_05\07_05.csproj", "{9BBA8CD0-EC86-4CA0-B49F-6C031BF99224}"
EndProject
Project("{9A19103F-16F7-4668-BE54-9A1E7A4F7556}") = "07_06", "07_06\07_06.csproj", "{13EAEC8A-E33F-4C0F-BE80-C1DDADB9DC30}"
EndProject
Project("{9A19103F-16F7-4668-BE54-9A1E7A4F7556}") = "08_01", "08_01\08_01.csproj", "{15A4F0DC-ABCB-4B4F-AD7F-E011D6458D83}"
EndProject
Project("{9A19103F-16F7-4668-BE54-9A1E7A4F7556}") = "08_02", "08_02\08_02.csproj", "{4C93454E-3C1D-450C-B732-17CBB7064142}"
EndProject
Project("{FAE04EC0-301F-11D3-BF4B-00C04F79EFBC}") = "09_00", "09_00\09_00.csproj", "{E622AAC3-52AB-4E1C-921B-C37592F750A9}"
EndProject
Project("{FAE04EC0-301F-11D3-BF4B-00C04F79EFBC}") = "09_01", "09_01\09_01.csproj", "{59C71D25-C6E1-4E30-9608-AE2801A90470}"
EndProject
Project("{2150E333-8FDC-42A3-9474-1A3956D46DE8}") = "解决方案项", "解决方案项", "{1BBE483B-9C74-42B4-9CCF-FCB85131687F}"
EndProject
Project("{FAE04EC0-301F-11D3-BF4B-00C04F79EFBC}") = "09_02", "09_02\09_02.csproj", "{E151AFE1-6FDB-4F43-9455-FEFB81FA73C4}"
EndProject
Project("{FAE04EC0-301F-11D3-BF4B-00C04F79EFBC}") = "09_03", "09_03\09_03.csproj", "{2514C696-9401-4458-A39E-65CBC113B57E}"
EndProject
Project("{FAE04EC0-301F-11D3-BF4B-00C04F79EFBC}") = "09_04", "09_04\09_04.csproj", "{961E00C3-C00F-4253-81A3-8D46A591DFCF}"
EndProject
Project("{FAE04EC0-301F-11D3-BF4B-00C04F79EFBC}") = "09_05", "09_05\09_05.csproj", "{0DB19488-D035-4919-AE0F-A1A1161195F9}"
EndProject
Project("{FAE04EC0-301F-11D3-BF4B-00C04F79EFBC}") = "09_06", "09_06\09_06.csproj", "{7049749C-C627-41F1-9615-5FB7AAB57EA4}"
EndProject
Project("{FAE04EC0-301F-11D3-BF4B-00C04F79EFBC}") = "09_07", "09_07\09_07.csproj", "{ED4BD25E-77D3-4AC7-B21D-F19E00396DA5}"
EndProject
Project("{FAE04EC0-301F-11D3-BF4B-00C04F79EFBC}") = "09_08", "09_08\09_08.csproj", "{95F0AC6B-F0DE-4FC2-A664-D0A0E3C6B092}"
EndProject
Project("{FAE04EC0-301F-11D3-BF4B-00C04F79EFBC}") = "09_09", "09_09\09_09.csproj", "{48B3A504-2581-4255-B345-FD5111C0F5E5}"
EndProject
Project("{FAE04EC0-301F-11D3-BF4B-00C04F79EFBC}") = "09_10", "09_10\09_10.csproj", "{643CCC9C-288D-47D6-A36A-0485F420556C}"
EndProject
Project("{FAE04EC0-301F-11D3-BF4B-00C04F79EFBC}") = "09_12", "09_12\09_12.csproj", "{7EF7D9CB-B3F4-49D0-83B1-017B32228252}"
EndProject
Project("{FAE04EC0-301F-11D3-BF4B-00C04F79EFBC}") = "09_13", "09_13\09_13.csproj", "{96A0F102-0228-4B55-94AB-EA25B7FB9FC8}"
EndProject
Project("{FAE04EC0-301F-11D3-BF4B-00C04F79EFBC}") = "09_14", "09_14\09_14.csproj", "{574C7E29-6DEA-4052-8717-45BD80E78D7B}"
EndProject
Project("{FAE04EC0-301F-11D3-BF4B-00C04F79EFBC}") = "09_11", "09_11\09_11.csproj", "{2EB2CFC2-4D6B-4396-9E53-DBBEAB404F5E}"
EndProject
Project("{FAE04EC0-301F-11D3-BF4B-00C04F79EFBC}") = "09_15", "09_15\09_15.csproj", "{8EBC21B6-AA02-47C4-99F1-02D6E697727D}"
EndProject
Project("{FAE04EC0-301F-11D3-BF4B-00C04F79EFBC}") = "09_16", "09_16\09_16.csproj", "{65762024-D4AB-4C09-B7A8-AE4342725815}"
EndProject
Project("{FAE04EC0-301F-11D3-BF4B-00C04F79EFBC}") = "09_17", "09_17\09_17.csproj", "{DD57404A-B826-41A7-8A33-D76D07D91992}"
EndProject
Project("{FAE04EC0-301F-11D3-BF4B-00C04F79EFBC}") = "09_18", "09_18\09_18.csproj", "{EADCA0A7-CE8D-4AB9-9075-ADFA53B41A47}"
EndProject
Project("{FAE04EC0-301F-11D3-BF4B-00C04F79EFBC}") = "09_19", "09_19\09_19.csproj", "{8F302306-34CC-4CC0-AFFD-8CDFB544EA78}"
EndProject
Project("{FAE04EC0-301F-11D3-BF4B-00C04F79EFBC}") = "09_20", "09_20\09_20.csproj", "{EFD8A22F-B50F-46EB-865F-1C34688C8CAB}"
EndProject
Project("{FAE04EC0-301F-11D3-BF4B-00C04F79EFBC}") = "09_21", "09_21\09_21.csproj", "{575ACE28-F2A7-416C-9A09-ED42A6EE1CC3}"
EndProject
Project("{FAE04EC0-301F-11D3-BF4B-00C04F79EFBC}") = "09_22", "09_22\09_22.csproj", "{886E11E3-16B6-4539-8AB6-D296F62F338E}"
EndProject
Project("{FAE04EC0-301F-11D3-BF4B-00C04F79EFBC}") = "09_23", "09_23\09_23.csproj", "{D687A1AA-7273-4123-8AFD-4C85D65D2B2D}"
EndProject
Project("{FAE04EC0-301F-11D3-BF4B-00C04F79EFBC}") = "09_24", "09_24\09_24.csproj", "{61559A5B-CC7D-40F4-93DC-00DE56AB8310}"
EndProject
Project("{FAE04EC0-301F-11D3-BF4B-00C04F79EFBC}") = "09_25", "09_25\09_25.csproj", "{01FF681F-EF81-4DBC-BD41-2F26CF1E73D8}"
EndProject
Project("{FAE04EC0-301F-11D3-BF4B-00C04F79EFBC}") = "09_26", "09_26\09_26.csproj", "{1F157FE1-332E-48C8-9DB7-FF58EB500A2A}"
EndProject
Project("{FAE04EC0-301F-11D3-BF4B-00C04F79EFBC}") = "09_27", "09_27\09_27.csproj", "{7D78F9DD-32D6-420B-93D2-552E4F187375}"
EndProject
Global
	GlobalSection(SolutionConfigurationPlatforms) = preSolution
		Debug|Any CPU = Debug|Any CPU
		Release|Any CPU = Release|Any CPU
	EndGlobalSection
	GlobalSection(ProjectConfigurationPlatforms) = postSolution
		{F622FDD9-FF5E-4BF5-B45E-DF39B5733AAC}.Debug|Any CPU.ActiveCfg = Debug|Any CPU
		{F622FDD9-FF5E-4BF5-B45E-DF39B5733AAC}.Debug|Any CPU.Build.0 = Debug|Any CPU
		{F622FDD9-FF5E-4BF5-B45E-DF39B5733AAC}.Release|Any CPU.ActiveCfg = Release|Any CPU
		{F622FDD9-FF5E-4BF5-B45E-DF39B5733AAC}.Release|Any CPU.Build.0 = Release|Any CPU
		{7345EBF7-8FE4-495D-BB81-0FA7AE29FB48}.Debug|Any CPU.ActiveCfg = Debug|Any CPU
		{7345EBF7-8FE4-495D-BB81-0FA7AE29FB48}.Debug|Any CPU.Build.0 = Debug|Any CPU
		{7345EBF7-8FE4-495D-BB81-0FA7AE29FB48}.Release|Any CPU.ActiveCfg = Release|Any CPU
		{7345EBF7-8FE4-495D-BB81-0FA7AE29FB48}.Release|Any CPU.Build.0 = Release|Any CPU
		{FC43A8C2-0089-47C7-8024-F77BCA571D5F}.Debug|Any CPU.ActiveCfg = Debug|Any CPU
		{FC43A8C2-0089-47C7-8024-F77BCA571D5F}.Debug|Any CPU.Build.0 = Debug|Any CPU
		{FC43A8C2-0089-47C7-8024-F77BCA571D5F}.Release|Any CPU.ActiveCfg = Release|Any CPU
		{FC43A8C2-0089-47C7-8024-F77BCA571D5F}.Release|Any CPU.Build.0 = Release|Any CPU
		{F6D8BEA8-41B6-4C71-9056-8C6AB6FD034B}.Debug|Any CPU.ActiveCfg = Debug|Any CPU
		{F6D8BEA8-41B6-4C71-9056-8C6AB6FD034B}.Debug|Any CPU.Build.0 = Debug|Any CPU
		{F6D8BEA8-41B6-4C71-9056-8C6AB6FD034B}.Release|Any CPU.ActiveCfg = Release|Any CPU
		{F6D8BEA8-41B6-4C71-9056-8C6AB6FD034B}.Release|Any CPU.Build.0 = Release|Any CPU
		{FEE0FDB2-8F6F-441C-BC98-F3DD3EEB0102}.Debug|Any CPU.ActiveCfg = Debug|Any CPU
		{FEE0FDB2-8F6F-441C-BC98-F3DD3EEB0102}.Debug|Any CPU.Build.0 = Debug|Any CPU
		{FEE0FDB2-8F6F-441C-BC98-F3DD3EEB0102}.Release|Any CPU.ActiveCfg = Release|Any CPU
		{FEE0FDB2-8F6F-441C-BC98-F3DD3EEB0102}.Release|Any CPU.Build.0 = Release|Any CPU
		{E52C49D7-05C9-4201-9264-282879A48336}.Debug|Any CPU.ActiveCfg = Debug|Any CPU
		{E52C49D7-05C9-4201-9264-282879A48336}.Debug|Any CPU.Build.0 = Debug|Any CPU
		{E52C49D7-05C9-4201-9264-282879A48336}.Release|Any CPU.ActiveCfg = Release|Any CPU
		{E52C49D7-05C9-4201-9264-282879A48336}.Release|Any CPU.Build.0 = Release|Any CPU
		{9CB93751-D491-4F74-AA78-C625F2DC654E}.Debug|Any CPU.ActiveCfg = Debug|Any CPU
		{9CB93751-D491-4F74-AA78-C625F2DC654E}.Debug|Any CPU.Build.0 = Debug|Any CPU
		{9CB93751-D491-4F74-AA78-C625F2DC654E}.Release|Any CPU.ActiveCfg = Release|Any CPU
		{9CB93751-D491-4F74-AA78-C625F2DC654E}.Release|Any CPU.Build.0 = Release|Any CPU
		{88725044-1439-4B41-B962-CA221477CFA5}.Debug|Any CPU.ActiveCfg = Debug|Any CPU
		{88725044-1439-4B41-B962-CA221477CFA5}.Debug|Any CPU.Build.0 = Debug|Any CPU
		{88725044-1439-4B41-B962-CA221477CFA5}.Release|Any CPU.ActiveCfg = Release|Any CPU
		{88725044-1439-4B41-B962-CA221477CFA5}.Release|Any CPU.Build.0 = Release|Any CPU
		{BDEE3C26-5F90-41E4-A4E8-A9DB22FE1145}.Debug|Any CPU.ActiveCfg = Debug|Any CPU
		{BDEE3C26-5F90-41E4-A4E8-A9DB22FE1145}.Debug|Any CPU.Build.0 = Debug|Any CPU
		{BDEE3C26-5F90-41E4-A4E8-A9DB22FE1145}.Release|Any CPU.ActiveCfg = Release|Any CPU
		{BDEE3C26-5F90-41E4-A4E8-A9DB22FE1145}.Release|Any CPU.Build.0 = Release|Any CPU
		{7AD666EF-0A07-42EC-AEFB-1A3C10E37535}.Debug|Any CPU.ActiveCfg = Debug|Any CPU
		{7AD666EF-0A07-42EC-AEFB-1A3C10E37535}.Debug|Any CPU.Build.0 = Debug|Any CPU
		{7AD666EF-0A07-42EC-AEFB-1A3C10E37535}.Release|Any CPU.ActiveCfg = Release|Any CPU
		{7AD666EF-0A07-42EC-AEFB-1A3C10E37535}.Release|Any CPU.Build.0 = Release|Any CPU
		{28660692-D88B-4C40-B46D-0DFB7B6131A3}.Debug|Any CPU.ActiveCfg = Debug|Any CPU
		{28660692-D88B-4C40-B46D-0DFB7B6131A3}.Debug|Any CPU.Build.0 = Debug|Any CPU
		{28660692-D88B-4C40-B46D-0DFB7B6131A3}.Release|Any CPU.ActiveCfg = Release|Any CPU
		{28660692-D88B-4C40-B46D-0DFB7B6131A3}.Release|Any CPU.Build.0 = Release|Any CPU
		{584613C6-90B7-4D66-8FA6-AE2F2D4B91A8}.Debug|Any CPU.ActiveCfg = Debug|Any CPU
		{584613C6-90B7-4D66-8FA6-AE2F2D4B91A8}.Debug|Any CPU.Build.0 = Debug|Any CPU
		{584613C6-90B7-4D66-8FA6-AE2F2D4B91A8}.Release|Any CPU.ActiveCfg = Release|Any CPU
		{584613C6-90B7-4D66-8FA6-AE2F2D4B91A8}.Release|Any CPU.Build.0 = Release|Any CPU
		{7011372C-D863-4E59-B0BE-FF2A48C3506F}.Debug|Any CPU.ActiveCfg = Debug|Any CPU
		{7011372C-D863-4E59-B0BE-FF2A48C3506F}.Debug|Any CPU.Build.0 = Debug|Any CPU
		{7011372C-D863-4E59-B0BE-FF2A48C3506F}.Release|Any CPU.ActiveCfg = Release|Any CPU
		{7011372C-D863-4E59-B0BE-FF2A48C3506F}.Release|Any CPU.Build.0 = Release|Any CPU
		{810B7557-901F-48E0-9032-BB0326030AEC}.Debug|Any CPU.ActiveCfg = Debug|Any CPU
		{810B7557-901F-48E0-9032-BB0326030AEC}.Debug|Any CPU.Build.0 = Debug|Any CPU
		{810B7557-901F-48E0-9032-BB0326030AEC}.Release|Any CPU.ActiveCfg = Release|Any CPU
		{810B7557-901F-48E0-9032-BB0326030AEC}.Release|Any CPU.Build.0 = Release|Any CPU
		{1AAE0AFD-1548-45C4-B39A-B85DDD9F9215}.Debug|Any CPU.ActiveCfg = Debug|Any CPU
		{1AAE0AFD-1548-45C4-B39A-B85DDD9F9215}.Debug|Any CPU.Build.0 = Debug|Any CPU
		{1AAE0AFD-1548-45C4-B39A-B85DDD9F9215}.Release|Any CPU.ActiveCfg = Release|Any CPU
		{1AAE0AFD-1548-45C4-B39A-B85DDD9F9215}.Release|Any CPU.Build.0 = Release|Any CPU
		{AE46109B-E48E-4C40-97E6-E740DDB63A8C}.Debug|Any CPU.ActiveCfg = Debug|Any CPU
		{AE46109B-E48E-4C40-97E6-E740DDB63A8C}.Debug|Any CPU.Build.0 = Debug|Any CPU
		{AE46109B-E48E-4C40-97E6-E740DDB63A8C}.Release|Any CPU.ActiveCfg = Release|Any CPU
		{AE46109B-E48E-4C40-97E6-E740DDB63A8C}.Release|Any CPU.Build.0 = Release|Any CPU
		{EDA89940-80D2-462D-AAA0-B3CF3124EF69}.Debug|Any CPU.ActiveCfg = Debug|Any CPU
		{EDA89940-80D2-462D-AAA0-B3CF3124EF69}.Debug|Any CPU.Build.0 = Debug|Any CPU
		{EDA89940-80D2-462D-AAA0-B3CF3124EF69}.Release|Any CPU.ActiveCfg = Release|Any CPU
		{EDA89940-80D2-462D-AAA0-B3CF3124EF69}.Release|Any CPU.Build.0 = Release|Any CPU
		{1CE9208E-866C-469D-8C25-6FBB7F342A6F}.Debug|Any CPU.ActiveCfg = Debug|Any CPU
		{1CE9208E-866C-469D-8C25-6FBB7F342A6F}.Debug|Any CPU.Build.0 = Debug|Any CPU
		{1CE9208E-866C-469D-8C25-6FBB7F342A6F}.Release|Any CPU.ActiveCfg = Release|Any CPU
		{1CE9208E-866C-469D-8C25-6FBB7F342A6F}.Release|Any CPU.Build.0 = Release|Any CPU
		{287A4AED-977C-4ECC-92D3-B1E51A13BED0}.Debug|Any CPU.ActiveCfg = Debug|Any CPU
		{287A4AED-977C-4ECC-92D3-B1E51A13BED0}.Debug|Any CPU.Build.0 = Debug|Any CPU
		{287A4AED-977C-4ECC-92D3-B1E51A13BED0}.Release|Any CPU.ActiveCfg = Release|Any CPU
		{287A4AED-977C-4ECC-92D3-B1E51A13BED0}.Release|Any CPU.Build.0 = Release|Any CPU
		{4E91C699-C8D2-40B5-AD63-FC738D520E2E}.Debug|Any CPU.ActiveCfg = Debug|Any CPU
		{4E91C699-C8D2-40B5-AD63-FC738D520E2E}.Debug|Any CPU.Build.0 = Debug|Any CPU
		{4E91C699-C8D2-40B5-AD63-FC738D520E2E}.Release|Any CPU.ActiveCfg = Release|Any CPU
		{4E91C699-C8D2-40B5-AD63-FC738D520E2E}.Release|Any CPU.Build.0 = Release|Any CPU
		{6E316FDE-D4F8-410A-9BB3-AB0D42B8A6F6}.Debug|Any CPU.ActiveCfg = Debug|Any CPU
		{6E316FDE-D4F8-410A-9BB3-AB0D42B8A6F6}.Debug|Any CPU.Build.0 = Debug|Any CPU
		{6E316FDE-D4F8-410A-9BB3-AB0D42B8A6F6}.Release|Any CPU.ActiveCfg = Release|Any CPU
		{6E316FDE-D4F8-410A-9BB3-AB0D42B8A6F6}.Release|Any CPU.Build.0 = Release|Any CPU
		{6527FC66-974C-4D7C-B5F5-8FC3DB15889F}.Debug|Any CPU.ActiveCfg = Debug|Any CPU
		{6527FC66-974C-4D7C-B5F5-8FC3DB15889F}.Debug|Any CPU.Build.0 = Debug|Any CPU
		{6527FC66-974C-4D7C-B5F5-8FC3DB15889F}.Release|Any CPU.ActiveCfg = Release|Any CPU
		{6527FC66-974C-4D7C-B5F5-8FC3DB15889F}.Release|Any CPU.Build.0 = Release|Any CPU
		{F2153CF4-89AA-4B32-BBDD-861B43E69AA0}.Debug|Any CPU.ActiveCfg = Debug|Any CPU
		{F2153CF4-89AA-4B32-BBDD-861B43E69AA0}.Debug|Any CPU.Build.0 = Debug|Any CPU
		{F2153CF4-89AA-4B32-BBDD-861B43E69AA0}.Release|Any CPU.ActiveCfg = Release|Any CPU
		{F2153CF4-89AA-4B32-BBDD-861B43E69AA0}.Release|Any CPU.Build.0 = Release|Any CPU
		{A1D8623D-48AF-4F59-9299-CE0CAB91DD8D}.Debug|Any CPU.ActiveCfg = Debug|Any CPU
		{A1D8623D-48AF-4F59-9299-CE0CAB91DD8D}.Debug|Any CPU.Build.0 = Debug|Any CPU
		{A1D8623D-48AF-4F59-9299-CE0CAB91DD8D}.Release|Any CPU.ActiveCfg = Release|Any CPU
		{A1D8623D-48AF-4F59-9299-CE0CAB91DD8D}.Release|Any CPU.Build.0 = Release|Any CPU
		{72AAEA4B-4663-44E8-9EC3-FA4560C23C07}.Debug|Any CPU.ActiveCfg = Debug|Any CPU
		{72AAEA4B-4663-44E8-9EC3-FA4560C23C07}.Debug|Any CPU.Build.0 = Debug|Any CPU
		{72AAEA4B-4663-44E8-9EC3-FA4560C23C07}.Release|Any CPU.ActiveCfg = Release|Any CPU
		{72AAEA4B-4663-44E8-9EC3-FA4560C23C07}.Release|Any CPU.Build.0 = Release|Any CPU
		{71E43109-F590-4D0B-86DE-791A45C946D9}.Debug|Any CPU.ActiveCfg = Debug|Any CPU
		{71E43109-F590-4D0B-86DE-791A45C946D9}.Debug|Any CPU.Build.0 = Debug|Any CPU
		{71E43109-F590-4D0B-86DE-791A45C946D9}.Release|Any CPU.ActiveCfg = Release|Any CPU
		{71E43109-F590-4D0B-86DE-791A45C946D9}.Release|Any CPU.Build.0 = Release|Any CPU
		{2BFE67C6-BB80-4DDD-80D0-8D630CAED320}.Debug|Any CPU.ActiveCfg = Debug|Any CPU
		{2BFE67C6-BB80-4DDD-80D0-8D630CAED320}.Debug|Any CPU.Build.0 = Debug|Any CPU
		{2BFE67C6-BB80-4DDD-80D0-8D630CAED320}.Release|Any CPU.ActiveCfg = Release|Any CPU
		{2BFE67C6-BB80-4DDD-80D0-8D630CAED320}.Release|Any CPU.Build.0 = Release|Any CPU
		{EDDBD985-55E4-4D76-8A77-3D88474AFF15}.Debug|Any CPU.ActiveCfg = Debug|Any CPU
		{EDDBD985-55E4-4D76-8A77-3D88474AFF15}.Debug|Any CPU.Build.0 = Debug|Any CPU
		{EDDBD985-55E4-4D76-8A77-3D88474AFF15}.Release|Any CPU.ActiveCfg = Release|Any CPU
		{EDDBD985-55E4-4D76-8A77-3D88474AFF15}.Release|Any CPU.Build.0 = Release|Any CPU
		{4BE93252-5229-48C1-8B51-F6FA838F1ABC}.Debug|Any CPU.ActiveCfg = Debug|Any CPU
		{4BE93252-5229-48C1-8B51-F6FA838F1ABC}.Debug|Any CPU.Build.0 = Debug|Any CPU
		{4BE93252-5229-48C1-8B51-F6FA838F1ABC}.Release|Any CPU.ActiveCfg = Release|Any CPU
		{4BE93252-5229-48C1-8B51-F6FA838F1ABC}.Release|Any CPU.Build.0 = Release|Any CPU
		{AEB4C7EE-983F-41E6-AF35-D69117114C30}.Debug|Any CPU.ActiveCfg = Debug|Any CPU
		{AEB4C7EE-983F-41E6-AF35-D69117114C30}.Debug|Any CPU.Build.0 = Debug|Any CPU
		{AEB4C7EE-983F-41E6-AF35-D69117114C30}.Release|Any CPU.ActiveCfg = Release|Any CPU
		{AEB4C7EE-983F-41E6-AF35-D69117114C30}.Release|Any CPU.Build.0 = Release|Any CPU
		{3C896EEE-BFD6-42B6-8E65-E3F95D1BF0B6}.Debug|Any CPU.ActiveCfg = Debug|Any CPU
		{3C896EEE-BFD6-42B6-8E65-E3F95D1BF0B6}.Debug|Any CPU.Build.0 = Debug|Any CPU
		{3C896EEE-BFD6-42B6-8E65-E3F95D1BF0B6}.Release|Any CPU.ActiveCfg = Release|Any CPU
		{3C896EEE-BFD6-42B6-8E65-E3F95D1BF0B6}.Release|Any CPU.Build.0 = Release|Any CPU
		{7650A9C0-6544-477E-A4B6-C7291762C664}.Debug|Any CPU.ActiveCfg = Debug|Any CPU
		{7650A9C0-6544-477E-A4B6-C7291762C664}.Debug|Any CPU.Build.0 = Debug|Any CPU
		{7650A9C0-6544-477E-A4B6-C7291762C664}.Release|Any CPU.ActiveCfg = Release|Any CPU
		{7650A9C0-6544-477E-A4B6-C7291762C664}.Release|Any CPU.Build.0 = Release|Any CPU
		{E5D49A5C-90E8-4383-956F-9A19AC5DB330}.Debug|Any CPU.ActiveCfg = Debug|Any CPU
		{E5D49A5C-90E8-4383-956F-9A19AC5DB330}.Debug|Any CPU.Build.0 = Debug|Any CPU
		{E5D49A5C-90E8-4383-956F-9A19AC5DB330}.Release|Any CPU.ActiveCfg = Release|Any CPU
		{E5D49A5C-90E8-4383-956F-9A19AC5DB330}.Release|Any CPU.Build.0 = Release|Any CPU
		{40F306F1-4152-49EC-BBE8-6458735B4581}.Debug|Any CPU.ActiveCfg = Debug|Any CPU
		{40F306F1-4152-49EC-BBE8-6458735B4581}.Debug|Any CPU.Build.0 = Debug|Any CPU
		{40F306F1-4152-49EC-BBE8-6458735B4581}.Release|Any CPU.ActiveCfg = Release|Any CPU
		{40F306F1-4152-49EC-BBE8-6458735B4581}.Release|Any CPU.Build.0 = Release|Any CPU
		{9BBA8CD0-EC86-4CA0-B49F-6C031BF99224}.Debug|Any CPU.ActiveCfg = Debug|Any CPU
		{9BBA8CD0-EC86-4CA0-B49F-6C031BF99224}.Debug|Any CPU.Build.0 = Debug|Any CPU
		{9BBA8CD0-EC86-4CA0-B49F-6C031BF99224}.Release|Any CPU.ActiveCfg = Release|Any CPU
		{9BBA8CD0-EC86-4CA0-B49F-6C031BF99224}.Release|Any CPU.Build.0 = Release|Any CPU
		{13EAEC8A-E33F-4C0F-BE80-C1DDADB9DC30}.Debug|Any CPU.ActiveCfg = Debug|Any CPU
		{13EAEC8A-E33F-4C0F-BE80-C1DDADB9DC30}.Debug|Any CPU.Build.0 = Debug|Any CPU
		{13EAEC8A-E33F-4C0F-BE80-C1DDADB9DC30}.Release|Any CPU.ActiveCfg = Release|Any CPU
		{13EAEC8A-E33F-4C0F-BE80-C1DDADB9DC30}.Release|Any CPU.Build.0 = Release|Any CPU
		{15A4F0DC-ABCB-4B4F-AD7F-E011D6458D83}.Debug|Any CPU.ActiveCfg = Debug|Any CPU
		{15A4F0DC-ABCB-4B4F-AD7F-E011D6458D83}.Debug|Any CPU.Build.0 = Debug|Any CPU
		{15A4F0DC-ABCB-4B4F-AD7F-E011D6458D83}.Release|Any CPU.ActiveCfg = Release|Any CPU
		{15A4F0DC-ABCB-4B4F-AD7F-E011D6458D83}.Release|Any CPU.Build.0 = Release|Any CPU
		{4C93454E-3C1D-450C-B732-17CBB7064142}.Debug|Any CPU.ActiveCfg = Debug|Any CPU
		{4C93454E-3C1D-450C-B732-17CBB7064142}.Debug|Any CPU.Build.0 = Debug|Any CPU
		{4C93454E-3C1D-450C-B732-17CBB7064142}.Release|Any CPU.ActiveCfg = Release|Any CPU
		{4C93454E-3C1D-450C-B732-17CBB7064142}.Release|Any CPU.Build.0 = Release|Any CPU
		{E622AAC3-52AB-4E1C-921B-C37592F750A9}.Debug|Any CPU.ActiveCfg = Debug|Any CPU
		{E622AAC3-52AB-4E1C-921B-C37592F750A9}.Debug|Any CPU.Build.0 = Debug|Any CPU
		{E622AAC3-52AB-4E1C-921B-C37592F750A9}.Release|Any CPU.ActiveCfg = Release|Any CPU
		{E622AAC3-52AB-4E1C-921B-C37592F750A9}.Release|Any CPU.Build.0 = Release|Any CPU
		{59C71D25-C6E1-4E30-9608-AE2801A90470}.Debug|Any CPU.ActiveCfg = Debug|Any CPU
		{59C71D25-C6E1-4E30-9608-AE2801A90470}.Debug|Any CPU.Build.0 = Debug|Any CPU
		{59C71D25-C6E1-4E30-9608-AE2801A90470}.Release|Any CPU.ActiveCfg = Release|Any CPU
		{59C71D25-C6E1-4E30-9608-AE2801A90470}.Release|Any CPU.Build.0 = Release|Any CPU
		{E151AFE1-6FDB-4F43-9455-FEFB81FA73C4}.Debug|Any CPU.ActiveCfg = Debug|Any CPU
		{E151AFE1-6FDB-4F43-9455-FEFB81FA73C4}.Debug|Any CPU.Build.0 = Debug|Any CPU
		{E151AFE1-6FDB-4F43-9455-FEFB81FA73C4}.Release|Any CPU.ActiveCfg = Release|Any CPU
		{E151AFE1-6FDB-4F43-9455-FEFB81FA73C4}.Release|Any CPU.Build.0 = Release|Any CPU
		{2514C696-9401-4458-A39E-65CBC113B57E}.Debug|Any CPU.ActiveCfg = Debug|Any CPU
		{2514C696-9401-4458-A39E-65CBC113B57E}.Debug|Any CPU.Build.0 = Debug|Any CPU
		{2514C696-9401-4458-A39E-65CBC113B57E}.Release|Any CPU.ActiveCfg = Release|Any CPU
		{2514C696-9401-4458-A39E-65CBC113B57E}.Release|Any CPU.Build.0 = Release|Any CPU
		{961E00C3-C00F-4253-81A3-8D46A591DFCF}.Debug|Any CPU.ActiveCfg = Debug|Any CPU
		{961E00C3-C00F-4253-81A3-8D46A591DFCF}.Debug|Any CPU.Build.0 = Debug|Any CPU
		{961E00C3-C00F-4253-81A3-8D46A591DFCF}.Release|Any CPU.ActiveCfg = Release|Any CPU
		{961E00C3-C00F-4253-81A3-8D46A591DFCF}.Release|Any CPU.Build.0 = Release|Any CPU
		{0DB19488-D035-4919-AE0F-A1A1161195F9}.Debug|Any CPU.ActiveCfg = Debug|Any CPU
		{0DB19488-D035-4919-AE0F-A1A1161195F9}.Debug|Any CPU.Build.0 = Debug|Any CPU
		{0DB19488-D035-4919-AE0F-A1A1161195F9}.Release|Any CPU.ActiveCfg = Release|Any CPU
		{0DB19488-D035-4919-AE0F-A1A1161195F9}.Release|Any CPU.Build.0 = Release|Any CPU
		{7049749C-C627-41F1-9615-5FB7AAB57EA4}.Debug|Any CPU.ActiveCfg = Debug|Any CPU
		{7049749C-C627-41F1-9615-5FB7AAB57EA4}.Debug|Any CPU.Build.0 = Debug|Any CPU
		{7049749C-C627-41F1-9615-5FB7AAB57EA4}.Release|Any CPU.ActiveCfg = Release|Any CPU
		{7049749C-C627-41F1-9615-5FB7AAB57EA4}.Release|Any CPU.Build.0 = Release|Any CPU
		{ED4BD25E-77D3-4AC7-B21D-F19E00396DA5}.Debug|Any CPU.ActiveCfg = Debug|Any CPU
		{ED4BD25E-77D3-4AC7-B21D-F19E00396DA5}.Debug|Any CPU.Build.0 = Debug|Any CPU
		{ED4BD25E-77D3-4AC7-B21D-F19E00396DA5}.Release|Any CPU.ActiveCfg = Release|Any CPU
		{ED4BD25E-77D3-4AC7-B21D-F19E00396DA5}.Release|Any CPU.Build.0 = Release|Any CPU
		{95F0AC6B-F0DE-4FC2-A664-D0A0E3C6B092}.Debug|Any CPU.ActiveCfg = Debug|Any CPU
		{95F0AC6B-F0DE-4FC2-A664-D0A0E3C6B092}.Debug|Any CPU.Build.0 = Debug|Any CPU
		{95F0AC6B-F0DE-4FC2-A664-D0A0E3C6B092}.Release|Any CPU.ActiveCfg = Release|Any CPU
		{95F0AC6B-F0DE-4FC2-A664-D0A0E3C6B092}.Release|Any CPU.Build.0 = Release|Any CPU
		{48B3A504-2581-4255-B345-FD5111C0F5E5}.Debug|Any CPU.ActiveCfg = Debug|Any CPU
		{48B3A504-2581-4255-B345-FD5111C0F5E5}.Debug|Any CPU.Build.0 = Debug|Any CPU
		{48B3A504-2581-4255-B345-FD5111C0F5E5}.Release|Any CPU.ActiveCfg = Release|Any CPU
		{48B3A504-2581-4255-B345-FD5111C0F5E5}.Release|Any CPU.Build.0 = Release|Any CPU
		{643CCC9C-288D-47D6-A36A-0485F420556C}.Debug|Any CPU.ActiveCfg = Debug|Any CPU
		{643CCC9C-288D-47D6-A36A-0485F420556C}.Debug|Any CPU.Build.0 = Debug|Any CPU
		{643CCC9C-288D-47D6-A36A-0485F420556C}.Release|Any CPU.ActiveCfg = Release|Any CPU
		{643CCC9C-288D-47D6-A36A-0485F420556C}.Release|Any CPU.Build.0 = Release|Any CPU
		{7EF7D9CB-B3F4-49D0-83B1-017B32228252}.Debug|Any CPU.ActiveCfg = Debug|Any CPU
		{7EF7D9CB-B3F4-49D0-83B1-017B32228252}.Debug|Any CPU.Build.0 = Debug|Any CPU
		{7EF7D9CB-B3F4-49D0-83B1-017B32228252}.Release|Any CPU.ActiveCfg = Release|Any CPU
		{7EF7D9CB-B3F4-49D0-83B1-017B32228252}.Release|Any CPU.Build.0 = Release|Any CPU
		{96A0F102-0228-4B55-94AB-EA25B7FB9FC8}.Debug|Any CPU.ActiveCfg = Debug|Any CPU
		{96A0F102-0228-4B55-94AB-EA25B7FB9FC8}.Debug|Any CPU.Build.0 = Debug|Any CPU
		{96A0F102-0228-4B55-94AB-EA25B7FB9FC8}.Release|Any CPU.ActiveCfg = Release|Any CPU
		{96A0F102-0228-4B55-94AB-EA25B7FB9FC8}.Release|Any CPU.Build.0 = Release|Any CPU
		{574C7E29-6DEA-4052-8717-45BD80E78D7B}.Debug|Any CPU.ActiveCfg = Debug|Any CPU
		{574C7E29-6DEA-4052-8717-45BD80E78D7B}.Debug|Any CPU.Build.0 = Debug|Any CPU
		{574C7E29-6DEA-4052-8717-45BD80E78D7B}.Release|Any CPU.ActiveCfg = Release|Any CPU
		{574C7E29-6DEA-4052-8717-45BD80E78D7B}.Release|Any CPU.Build.0 = Release|Any CPU
		{2EB2CFC2-4D6B-4396-9E53-DBBEAB404F5E}.Debug|Any CPU.ActiveCfg = Debug|Any CPU
		{2EB2CFC2-4D6B-4396-9E53-DBBEAB404F5E}.Debug|Any CPU.Build.0 = Debug|Any CPU
		{2EB2CFC2-4D6B-4396-9E53-DBBEAB404F5E}.Release|Any CPU.ActiveCfg = Release|Any CPU
		{2EB2CFC2-4D6B-4396-9E53-DBBEAB404F5E}.Release|Any CPU.Build.0 = Release|Any CPU
		{8EBC21B6-AA02-47C4-99F1-02D6E697727D}.Debug|Any CPU.ActiveCfg = Debug|Any CPU
		{8EBC21B6-AA02-47C4-99F1-02D6E697727D}.Debug|Any CPU.Build.0 = Debug|Any CPU
		{8EBC21B6-AA02-47C4-99F1-02D6E697727D}.Release|Any CPU.ActiveCfg = Release|Any CPU
		{8EBC21B6-AA02-47C4-99F1-02D6E697727D}.Release|Any CPU.Build.0 = Release|Any CPU
		{65762024-D4AB-4C09-B7A8-AE4342725815}.Debug|Any CPU.ActiveCfg = Debug|Any CPU
		{65762024-D4AB-4C09-B7A8-AE4342725815}.Debug|Any CPU.Build.0 = Debug|Any CPU
		{65762024-D4AB-4C09-B7A8-AE4342725815}.Release|Any CPU.ActiveCfg = Release|Any CPU
		{65762024-D4AB-4C09-B7A8-AE4342725815}.Release|Any CPU.Build.0 = Release|Any CPU
		{DD57404A-B826-41A7-8A33-D76D07D91992}.Debug|Any CPU.ActiveCfg = Debug|Any CPU
		{DD57404A-B826-41A7-8A33-D76D07D91992}.Debug|Any CPU.Build.0 = Debug|Any CPU
		{DD57404A-B826-41A7-8A33-D76D07D91992}.Release|Any CPU.ActiveCfg = Release|Any CPU
		{DD57404A-B826-41A7-8A33-D76D07D91992}.Release|Any CPU.Build.0 = Release|Any CPU
		{EADCA0A7-CE8D-4AB9-9075-ADFA53B41A47}.Debug|Any CPU.ActiveCfg = Debug|Any CPU
		{EADCA0A7-CE8D-4AB9-9075-ADFA53B41A47}.Debug|Any CPU.Build.0 = Debug|Any CPU
		{EADCA0A7-CE8D-4AB9-9075-ADFA53B41A47}.Release|Any CPU.ActiveCfg = Release|Any CPU
		{EADCA0A7-CE8D-4AB9-9075-ADFA53B41A47}.Release|Any CPU.Build.0 = Release|Any CPU
		{8F302306-34CC-4CC0-AFFD-8CDFB544EA78}.Debug|Any CPU.ActiveCfg = Debug|Any CPU
		{8F302306-34CC-4CC0-AFFD-8CDFB544EA78}.Debug|Any CPU.Build.0 = Debug|Any CPU
		{8F302306-34CC-4CC0-AFFD-8CDFB544EA78}.Release|Any CPU.ActiveCfg = Release|Any CPU
		{8F302306-34CC-4CC0-AFFD-8CDFB544EA78}.Release|Any CPU.Build.0 = Release|Any CPU
		{EFD8A22F-B50F-46EB-865F-1C34688C8CAB}.Debug|Any CPU.ActiveCfg = Debug|Any CPU
		{EFD8A22F-B50F-46EB-865F-1C34688C8CAB}.Debug|Any CPU.Build.0 = Debug|Any CPU
		{EFD8A22F-B50F-46EB-865F-1C34688C8CAB}.Release|Any CPU.ActiveCfg = Release|Any CPU
		{EFD8A22F-B50F-46EB-865F-1C34688C8CAB}.Release|Any CPU.Build.0 = Release|Any CPU
		{575ACE28-F2A7-416C-9A09-ED42A6EE1CC3}.Debug|Any CPU.ActiveCfg = Debug|Any CPU
		{575ACE28-F2A7-416C-9A09-ED42A6EE1CC3}.Debug|Any CPU.Build.0 = Debug|Any CPU
		{575ACE28-F2A7-416C-9A09-ED42A6EE1CC3}.Release|Any CPU.ActiveCfg = Release|Any CPU
		{575ACE28-F2A7-416C-9A09-ED42A6EE1CC3}.Release|Any CPU.Build.0 = Release|Any CPU
		{886E11E3-16B6-4539-8AB6-D296F62F338E}.Debug|Any CPU.ActiveCfg = Debug|Any CPU
		{886E11E3-16B6-4539-8AB6-D296F62F338E}.Debug|Any CPU.Build.0 = Debug|Any CPU
		{886E11E3-16B6-4539-8AB6-D296F62F338E}.Release|Any CPU.ActiveCfg = Release|Any CPU
		{886E11E3-16B6-4539-8AB6-D296F62F338E}.Release|Any CPU.Build.0 = Release|Any CPU
		{D687A1AA-7273-4123-8AFD-4C85D65D2B2D}.Debug|Any CPU.ActiveCfg = Debug|Any CPU
		{D687A1AA-7273-4123-8AFD-4C85D65D2B2D}.Debug|Any CPU.Build.0 = Debug|Any CPU
		{D687A1AA-7273-4123-8AFD-4C85D65D2B2D}.Release|Any CPU.ActiveCfg = Release|Any CPU
		{D687A1AA-7273-4123-8AFD-4C85D65D2B2D}.Release|Any CPU.Build.0 = Release|Any CPU
		{61559A5B-CC7D-40F4-93DC-00DE56AB8310}.Debug|Any CPU.ActiveCfg = Debug|Any CPU
		{61559A5B-CC7D-40F4-93DC-00DE56AB8310}.Debug|Any CPU.Build.0 = Debug|Any CPU
		{61559A5B-CC7D-40F4-93DC-00DE56AB8310}.Release|Any CPU.ActiveCfg = Release|Any CPU
		{61559A5B-CC7D-40F4-93DC-00DE56AB8310}.Release|Any CPU.Build.0 = Release|Any CPU
		{01FF681F-EF81-4DBC-BD41-2F26CF1E73D8}.Debug|Any CPU.ActiveCfg = Debug|Any CPU
		{01FF681F-EF81-4DBC-BD41-2F26CF1E73D8}.Debug|Any CPU.Build.0 = Debug|Any CPU
		{01FF681F-EF81-4DBC-BD41-2F26CF1E73D8}.Release|Any CPU.ActiveCfg = Release|Any CPU
		{01FF681F-EF81-4DBC-BD41-2F26CF1E73D8}.Release|Any CPU.Build.0 = Release|Any CPU
		{1F157FE1-332E-48C8-9DB7-FF58EB500A2A}.Debug|Any CPU.ActiveCfg = Debug|Any CPU
		{1F157FE1-332E-48C8-9DB7-FF58EB500A2A}.Debug|Any CPU.Build.0 = Debug|Any CPU
		{1F157FE1-332E-48C8-9DB7-FF58EB500A2A}.Release|Any CPU.ActiveCfg = Release|Any CPU
		{1F157FE1-332E-48C8-9DB7-FF58EB500A2A}.Release|Any CPU.Build.0 = Release|Any CPU
		{7D78F9DD-32D6-420B-93D2-552E4F187375}.Debug|Any CPU.ActiveCfg = Debug|Any CPU
		{7D78F9DD-32D6-420B-93D2-552E4F187375}.Debug|Any CPU.Build.0 = Debug|Any CPU
		{7D78F9DD-32D6-420B-93D2-552E4F187375}.Release|Any CPU.ActiveCfg = Release|Any CPU
		{7D78F9DD-32D6-420B-93D2-552E4F187375}.Release|Any CPU.Build.0 = Release|Any CPU
	EndGlobalSection
	GlobalSection(SolutionProperties) = preSolution
		HideSolutionNode = FALSE
	EndGlobalSection
	GlobalSection(ExtensibilityGlobals) = postSolution
		SolutionGuid = {1E180D3A-3AA1-4D76-B5F3-527C4EF0BE43}
	EndGlobalSection
EndGlobal
