
Microsoft Visual Studio Solution File, Format Version 12.00
# Visual Studio Version 17
VisualStudioVersion = 17.6.33723.286
MinimumVisualStudioVersion = 10.0.40219.1
Project("{FAE04EC0-301F-11D3-BF4B-00C04F79EFBC}") = "09_21", "09_21.csproj", "{575ACE28-F2A7-416C-9A09-ED42A6EE1CC3}"
EndProject
Global
	GlobalSection(SolutionConfigurationPlatforms) = preSolution
		Debug|Any CPU = Debug|Any CPU
		Release|Any CPU = Release|Any CPU
	EndGlobalSection
	GlobalSection(ProjectConfigurationPlatforms) = postSolution
		{575ACE28-F2A7-416C-9A09-ED42A6EE1CC3}.Debug|Any CPU.ActiveCfg = Debug|Any CPU
		{575ACE28-F2A7-416C-9A09-ED42A6EE1CC3}.Debug|Any CPU.Build.0 = Debug|Any CPU
		{575ACE28-F2A7-416C-9A09-ED42A6EE1CC3}.Release|Any CPU.ActiveCfg = Release|Any CPU
		{575ACE28-F2A7-416C-9A09-ED42A6EE1CC3}.Release|Any CPU.Build.0 = Release|Any CPU
	EndGlobalSection
	GlobalSection(SolutionProperties) = preSolution
		HideSolutionNode = FALSE
	EndGlobalSection
	GlobalSection(ExtensibilityGlobals) = postSolution
		SolutionGuid = {BE3ECEF6-6E35-43DF-B2B4-C619B777CB91}
	EndGlobalSection
EndGlobal
